
Microsoft Visual Studio Solution File, Format Version 12.00
# Visual Studio 15
VisualStudioVersion = 15.0.27428.2037
MinimumVisualStudioVersion = 10.0.40219.1
Project("{FAE04EC0-301F-11D3-BF4B-00C04F79EFBC}") = "lab18", "lab18\lab18.csproj", "{2F2FA551-360E-40CF-B1AA-186F5B5D01E5}"
EndProject
Global
	GlobalSection(SolutionConfigurationPlatforms) = preSolution
		Debug|Any CPU = Debug|Any CPU
		Release|Any CPU = Release|Any CPU
	EndGlobalSection
	GlobalSection(ProjectConfigurationPlatforms) = postSolution
		{2F2FA551-360E-40CF-B1AA-186F5B5D01E5}.Debug|Any CPU.ActiveCfg = Debug|Any CPU
		{2F2FA551-360E-40CF-B1AA-186F5B5D01E5}.Debug|Any CPU.Build.0 = Debug|Any CPU
		{2F2FA551-360E-40CF-B1AA-186F5B5D01E5}.Release|Any CPU.ActiveCfg = Release|Any CPU
		{2F2FA551-360E-40CF-B1AA-186F5B5D01E5}.Release|Any CPU.Build.0 = Release|Any CPU
	EndGlobalSection
	GlobalSection(SolutionProperties) = preSolution
		HideSolutionNode = FALSE
	EndGlobalSection
	GlobalSection(ExtensibilityGlobals) = postSolution
		SolutionGuid = {016E2BCD-4B89-4A64-BD84-8CF84B6CE93E}
	EndGlobalSection
EndGlobal
